
Microsoft Visual Studio Solution File, Format Version 10.00
# Visual Studio 2008
Project("{FAE04EC0-301F-11D3-BF4B-00C04F79EFBC}") = "Twitterizer.Framework.vs2008", "Twiterizer.Framework\Twitterizer.Framework.vs2008.csproj", "{CE6E8A9A-565C-4823-BE7E-2CE8A4D5FE22}"
EndProject
Project("{FAE04EC0-301F-11D3-BF4B-00C04F79EFBC}") = "Twitterizer.TestApp.vs2008", "Twitterizer.TestApp\Twitterizer.TestApp.vs2008.csproj", "{66ECEE41-1DB9-48C7-A01B-1E528FBFEB0E}"
EndProject
Project("{FAE04EC0-301F-11D3-BF4B-00C04F79EFBC}") = "Twitterizer_Web_Test", "Twitterizer_Web_Test\Twitterizer_Web_Test.csproj", "{2EC94150-8398-4015-9A2D-CE89EC7A4A59}"
EndProject
Global
	GlobalSection(SolutionConfigurationPlatforms) = preSolution
		Debug|Any CPU = Debug|Any CPU
		Release|Any CPU = Release|Any CPU
	EndGlobalSection
	GlobalSection(ProjectConfigurationPlatforms) = postSolution
		{CE6E8A9A-565C-4823-BE7E-2CE8A4D5FE22}.Debug|Any CPU.ActiveCfg = Debug|Any CPU
		{CE6E8A9A-565C-4823-BE7E-2CE8A4D5FE22}.Debug|Any CPU.Build.0 = Debug|Any CPU
		{CE6E8A9A-565C-4823-BE7E-2CE8A4D5FE22}.Release|Any CPU.ActiveCfg = Release|Any CPU
		{CE6E8A9A-565C-4823-BE7E-2CE8A4D5FE22}.Release|Any CPU.Build.0 = Release|Any CPU
		{66ECEE41-1DB9-48C7-A01B-1E528FBFEB0E}.Debug|Any CPU.ActiveCfg = Debug|Any CPU
		{66ECEE41-1DB9-48C7-A01B-1E528FBFEB0E}.Debug|Any CPU.Build.0 = Debug|Any CPU
		{66ECEE41-1DB9-48C7-A01B-1E528FBFEB0E}.Release|Any CPU.ActiveCfg = Release|Any CPU
		{66ECEE41-1DB9-48C7-A01B-1E528FBFEB0E}.Release|Any CPU.Build.0 = Release|Any CPU
		{2EC94150-8398-4015-9A2D-CE89EC7A4A59}.Debug|Any CPU.ActiveCfg = Debug|Any CPU
		{2EC94150-8398-4015-9A2D-CE89EC7A4A59}.Debug|Any CPU.Build.0 = Debug|Any CPU
		{2EC94150-8398-4015-9A2D-CE89EC7A4A59}.Release|Any CPU.ActiveCfg = Release|Any CPU
		{2EC94150-8398-4015-9A2D-CE89EC7A4A59}.Release|Any CPU.Build.0 = Release|Any CPU
	EndGlobalSection
	GlobalSection(SolutionProperties) = preSolution
		HideSolutionNode = FALSE
	EndGlobalSection
EndGlobal
