
Microsoft Visual Studio Solution File, Format Version 11.00
# Visual Studio 2010
Project("{2150E333-8FDC-42A3-9474-1A3956D46DE8}") = "Solution Files", "Solution Files", "{09A4B653-29C4-467A-A1FE-BA74C0D70978}"
	ProjectSection(SolutionItems) = preProject
		CustomDictionary.xml = CustomDictionary.xml
	EndProjectSection
EndProject
Project("{2150E333-8FDC-42A3-9474-1A3956D46DE8}") = "Documentation", "Documentation", "{0069E24B-470C-43E4-A6D0-536D3A6A1E6F}"
	ProjectSection(SolutionItems) = preProject
		XML Documentation\Desktop Authorization.aml = XML Documentation\Desktop Authorization.aml
		XML Documentation\OAuth.aml = XML Documentation\OAuth.aml
		XML Documentation\Troubleshooting.aml = XML Documentation\Troubleshooting.aml
		XML Documentation\Twitterizer2.content = XML Documentation\Twitterizer2.content
		XML Documentation\Web Authorization.aml = XML Documentation\Web Authorization.aml
		XML Documentation\WelcomeTopic.aml = XML Documentation\WelcomeTopic.aml
	EndProjectSection
EndProject
Project("{FAE04EC0-301F-11D3-BF4B-00C04F79EFBC}") = "Twitterizer2", "Twitterizer2\Twitterizer2.csproj", "{2FDC3492-6B9E-4771-9755-7892C9CB1E96}"
EndProject
Project("{FAE04EC0-301F-11D3-BF4B-00C04F79EFBC}") = "Twitterizer2.Data", "Twitterizer2.Data\Twitterizer2.Data.csproj", "{4ACED651-D888-4E46-A38B-13291C00FABF}"
EndProject
Project("{FAE04EC0-301F-11D3-BF4B-00C04F79EFBC}") = "Twitterizer2.TestCases", "Twitterizer2.TestCases\Twitterizer2.TestCases.csproj", "{488BB0D8-2A49-4074-BE6F-1100AF6E5D62}"
EndProject
Project("{FAE04EC0-301F-11D3-BF4B-00C04F79EFBC}") = "Twitterizer2.Streaming", "Twitterizer2.Streaming\Twitterizer2.Streaming.csproj", "{AFDC57ED-C013-4581-9D06-54D8A42D696D}"
EndProject
Global
	GlobalSection(SolutionConfigurationPlatforms) = preSolution
		CCNET|Any CPU = CCNET|Any CPU
		CCNET|x86-Only = CCNET|x86-Only
		Debug|Any CPU = Debug|Any CPU
		Debug|x86-Only = Debug|x86-Only
		Release|Any CPU = Release|Any CPU
		Release|x86-Only = Release|x86-Only
	EndGlobalSection
	GlobalSection(ProjectConfigurationPlatforms) = postSolution
		{2FDC3492-6B9E-4771-9755-7892C9CB1E96}.CCNET|Any CPU.ActiveCfg = CCNET|Any CPU
		{2FDC3492-6B9E-4771-9755-7892C9CB1E96}.CCNET|Any CPU.Build.0 = CCNET|Any CPU
		{2FDC3492-6B9E-4771-9755-7892C9CB1E96}.CCNET|x86-Only.ActiveCfg = CCNET|Any CPU
		{2FDC3492-6B9E-4771-9755-7892C9CB1E96}.Debug|Any CPU.ActiveCfg = Debug|Any CPU
		{2FDC3492-6B9E-4771-9755-7892C9CB1E96}.Debug|Any CPU.Build.0 = Debug|Any CPU
		{2FDC3492-6B9E-4771-9755-7892C9CB1E96}.Debug|x86-Only.ActiveCfg = Debug|Any CPU
		{2FDC3492-6B9E-4771-9755-7892C9CB1E96}.Debug|x86-Only.Build.0 = Debug|Any CPU
		{2FDC3492-6B9E-4771-9755-7892C9CB1E96}.Release|Any CPU.ActiveCfg = Release|Any CPU
		{2FDC3492-6B9E-4771-9755-7892C9CB1E96}.Release|Any CPU.Build.0 = Release|Any CPU
		{2FDC3492-6B9E-4771-9755-7892C9CB1E96}.Release|x86-Only.ActiveCfg = Release|Any CPU
		{4ACED651-D888-4E46-A38B-13291C00FABF}.CCNET|Any CPU.ActiveCfg = CCNET|Any CPU
		{4ACED651-D888-4E46-A38B-13291C00FABF}.CCNET|Any CPU.Build.0 = CCNET|Any CPU
		{4ACED651-D888-4E46-A38B-13291C00FABF}.CCNET|x86-Only.ActiveCfg = CCNET|Any CPU
		{4ACED651-D888-4E46-A38B-13291C00FABF}.Debug|Any CPU.ActiveCfg = Debug|Any CPU
		{4ACED651-D888-4E46-A38B-13291C00FABF}.Debug|Any CPU.Build.0 = Debug|Any CPU
		{4ACED651-D888-4E46-A38B-13291C00FABF}.Debug|x86-Only.ActiveCfg = Debug|Any CPU
		{4ACED651-D888-4E46-A38B-13291C00FABF}.Release|Any CPU.ActiveCfg = Release|Any CPU
		{4ACED651-D888-4E46-A38B-13291C00FABF}.Release|Any CPU.Build.0 = Release|Any CPU
		{4ACED651-D888-4E46-A38B-13291C00FABF}.Release|x86-Only.ActiveCfg = Release|Any CPU
		{488BB0D8-2A49-4074-BE6F-1100AF6E5D62}.CCNET|Any CPU.ActiveCfg = CCNET|Any CPU
		{488BB0D8-2A49-4074-BE6F-1100AF6E5D62}.CCNET|Any CPU.Build.0 = CCNET|Any CPU
		{488BB0D8-2A49-4074-BE6F-1100AF6E5D62}.CCNET|x86-Only.ActiveCfg = CCNET|Any CPU
		{488BB0D8-2A49-4074-BE6F-1100AF6E5D62}.Debug|Any CPU.ActiveCfg = Debug|Any CPU
		{488BB0D8-2A49-4074-BE6F-1100AF6E5D62}.Debug|Any CPU.Build.0 = Debug|Any CPU
		{488BB0D8-2A49-4074-BE6F-1100AF6E5D62}.Debug|x86-Only.ActiveCfg = Debug|Any CPU
		{488BB0D8-2A49-4074-BE6F-1100AF6E5D62}.Release|Any CPU.ActiveCfg = Release|Any CPU
		{488BB0D8-2A49-4074-BE6F-1100AF6E5D62}.Release|Any CPU.Build.0 = Release|Any CPU
		{488BB0D8-2A49-4074-BE6F-1100AF6E5D62}.Release|x86-Only.ActiveCfg = Release|Any CPU
		{AFDC57ED-C013-4581-9D06-54D8A42D696D}.CCNET|Any CPU.ActiveCfg = Release|Any CPU
		{AFDC57ED-C013-4581-9D06-54D8A42D696D}.CCNET|Any CPU.Build.0 = Release|Any CPU
		{AFDC57ED-C013-4581-9D06-54D8A42D696D}.CCNET|x86-Only.ActiveCfg = Release|Any CPU
		{AFDC57ED-C013-4581-9D06-54D8A42D696D}.Debug|Any CPU.ActiveCfg = Debug|Any CPU
		{AFDC57ED-C013-4581-9D06-54D8A42D696D}.Debug|Any CPU.Build.0 = Debug|Any CPU
		{AFDC57ED-C013-4581-9D06-54D8A42D696D}.Debug|x86-Only.ActiveCfg = Debug|Any CPU
		{AFDC57ED-C013-4581-9D06-54D8A42D696D}.Release|Any CPU.ActiveCfg = Release|Any CPU
		{AFDC57ED-C013-4581-9D06-54D8A42D696D}.Release|Any CPU.Build.0 = Release|Any CPU
		{AFDC57ED-C013-4581-9D06-54D8A42D696D}.Release|x86-Only.ActiveCfg = Release|Any CPU
	EndGlobalSection
	GlobalSection(SolutionProperties) = preSolution
		HideSolutionNode = FALSE
	EndGlobalSection
EndGlobal
