
Microsoft Visual Studio Solution File, Format Version 11.00
# Visual Studio 2010
Project("{2150E333-8FDC-42A3-9474-1A3956D46DE8}") = "Solution Files", "Solution Files", "{09A4B653-29C4-467A-A1FE-BA74C0D70978}"
	ProjectSection(SolutionItems) = preProject
		CommonAssemblyInfo.cs = CommonAssemblyInfo.cs
		CustomDictionary.xml = CustomDictionary.xml
		GettingStarted.txt = GettingStarted.txt
	EndProjectSection
EndProject
Project("{2150E333-8FDC-42A3-9474-1A3956D46DE8}") = "Documentation", "Documentation", "{0069E24B-470C-43E4-A6D0-536D3A6A1E6F}"
	ProjectSection(SolutionItems) = preProject
		XML Documentation\Desktop Authorization.aml = XML Documentation\Desktop Authorization.aml
		XML Documentation\OAuth.aml = XML Documentation\OAuth.aml
		XML Documentation\Troubleshooting.aml = XML Documentation\Troubleshooting.aml
		XML Documentation\Twitterizer2.content = XML Documentation\Twitterizer2.content
		XML Documentation\Web Authorization.aml = XML Documentation\Web Authorization.aml
		XML Documentation\WelcomeTopic.aml = XML Documentation\WelcomeTopic.aml
	EndProjectSection
EndProject
Project("{FAE04EC0-301F-11D3-BF4B-00C04F79EFBC}") = "Twitterizer2", "Twitterizer2\Twitterizer2.csproj", "{2FDC3492-6B9E-4771-9755-7892C9CB1E96}"
EndProject
Project("{FAE04EC0-301F-11D3-BF4B-00C04F79EFBC}") = "Twitterizer2.Data", "Twitterizer2.Data\Twitterizer2.Data.csproj", "{4ACED651-D888-4E46-A38B-13291C00FABF}"
EndProject
Project("{FAE04EC0-301F-11D3-BF4B-00C04F79EFBC}") = "Twitterizer2.TestCases", "Twitterizer2.TestCases\Twitterizer2.TestCases.csproj", "{488BB0D8-2A49-4074-BE6F-1100AF6E5D62}"
EndProject
Project("{FAE04EC0-301F-11D3-BF4B-00C04F79EFBC}") = "Twitterizer2.Streaming", "Twitterizer2.Streaming\Twitterizer2.Streaming.csproj", "{AFDC57ED-C013-4581-9D06-54D8A42D696D}"
EndProject
Project("{FAE04EC0-301F-11D3-BF4B-00C04F79EFBC}") = "Twitterizer.OAuth", "Twitterizer.OAuth\Twitterizer.OAuth.csproj", "{D35A1CEB-096B-4A2C-9F58-04ADBA31BCE6}"
EndProject
Project("{FAE04EC0-301F-11D3-BF4B-00C04F79EFBC}") = "Twitterizer2.Async", "Twitterizer2.Async\Twitterizer2.Async.csproj", "{566E5F16-088A-4AB5-967A-A05BA636AF75}"
EndProject
Project("{2150E333-8FDC-42A3-9474-1A3956D46DE8}") = "Addon Assemblies", "Addon Assemblies", "{5AE22138-EA40-48EF-AC38-6370D7F1F9E1}"
EndProject
Project("{FAE04EC0-301F-11D3-BF4B-00C04F79EFBC}") = "Twitterizer2lite", "Twitterizer2lite\Twitterizer2lite.csproj", "{C188B5C8-E361-4869-9800-CE23133F3B2C}"
EndProject
Global
	GlobalSection(SolutionConfigurationPlatforms) = preSolution
		CCNET|Any CPU = CCNET|Any CPU
		CCNET|x86-Only = CCNET|x86-Only
		Debug|Any CPU = Debug|Any CPU
		Debug|x86-Only = Debug|x86-Only
		Mono-Debug|Any CPU = Mono-Debug|Any CPU
		Mono-Debug|x86-Only = Mono-Debug|x86-Only
		Mono-Release|Any CPU = Mono-Release|Any CPU
		Mono-Release|x86-Only = Mono-Release|x86-Only
		Release|Any CPU = Release|Any CPU
		Release|x86-Only = Release|x86-Only
	EndGlobalSection
	GlobalSection(ProjectConfigurationPlatforms) = postSolution
		{2FDC3492-6B9E-4771-9755-7892C9CB1E96}.CCNET|Any CPU.ActiveCfg = CCNET|Any CPU
		{2FDC3492-6B9E-4771-9755-7892C9CB1E96}.CCNET|Any CPU.Build.0 = CCNET|Any CPU
		{2FDC3492-6B9E-4771-9755-7892C9CB1E96}.CCNET|x86-Only.ActiveCfg = CCNET|Any CPU
		{2FDC3492-6B9E-4771-9755-7892C9CB1E96}.Debug|Any CPU.ActiveCfg = Debug|Any CPU
		{2FDC3492-6B9E-4771-9755-7892C9CB1E96}.Debug|Any CPU.Build.0 = Debug|Any CPU
		{2FDC3492-6B9E-4771-9755-7892C9CB1E96}.Debug|x86-Only.ActiveCfg = Debug|Any CPU
		{2FDC3492-6B9E-4771-9755-7892C9CB1E96}.Debug|x86-Only.Build.0 = Debug|Any CPU
		{2FDC3492-6B9E-4771-9755-7892C9CB1E96}.Mono-Debug|Any CPU.ActiveCfg = Mono-Debug|Any CPU
		{2FDC3492-6B9E-4771-9755-7892C9CB1E96}.Mono-Debug|Any CPU.Build.0 = Mono-Debug|Any CPU
		{2FDC3492-6B9E-4771-9755-7892C9CB1E96}.Mono-Debug|x86-Only.ActiveCfg = Mono-Debug|Any CPU
		{2FDC3492-6B9E-4771-9755-7892C9CB1E96}.Mono-Release|Any CPU.ActiveCfg = Mono-Release|Any CPU
		{2FDC3492-6B9E-4771-9755-7892C9CB1E96}.Mono-Release|Any CPU.Build.0 = Mono-Release|Any CPU
		{2FDC3492-6B9E-4771-9755-7892C9CB1E96}.Mono-Release|x86-Only.ActiveCfg = Mono-Release|Any CPU
		{2FDC3492-6B9E-4771-9755-7892C9CB1E96}.Release|Any CPU.ActiveCfg = Release|Any CPU
		{2FDC3492-6B9E-4771-9755-7892C9CB1E96}.Release|Any CPU.Build.0 = Release|Any CPU
		{2FDC3492-6B9E-4771-9755-7892C9CB1E96}.Release|x86-Only.ActiveCfg = Release|Any CPU
		{4ACED651-D888-4E46-A38B-13291C00FABF}.CCNET|Any CPU.ActiveCfg = CCNET|Any CPU
		{4ACED651-D888-4E46-A38B-13291C00FABF}.CCNET|Any CPU.Build.0 = CCNET|Any CPU
		{4ACED651-D888-4E46-A38B-13291C00FABF}.CCNET|x86-Only.ActiveCfg = CCNET|Any CPU
		{4ACED651-D888-4E46-A38B-13291C00FABF}.Debug|Any CPU.ActiveCfg = Debug|Any CPU
		{4ACED651-D888-4E46-A38B-13291C00FABF}.Debug|Any CPU.Build.0 = Debug|Any CPU
		{4ACED651-D888-4E46-A38B-13291C00FABF}.Debug|x86-Only.ActiveCfg = Debug|Any CPU
		{4ACED651-D888-4E46-A38B-13291C00FABF}.Mono-Debug|Any CPU.ActiveCfg = Mono-Debug|Any CPU
		{4ACED651-D888-4E46-A38B-13291C00FABF}.Mono-Debug|Any CPU.Build.0 = Mono-Debug|Any CPU
		{4ACED651-D888-4E46-A38B-13291C00FABF}.Mono-Debug|x86-Only.ActiveCfg = Mono-Debug|Any CPU
		{4ACED651-D888-4E46-A38B-13291C00FABF}.Mono-Release|Any CPU.ActiveCfg = Mono-Release|Any CPU
		{4ACED651-D888-4E46-A38B-13291C00FABF}.Mono-Release|Any CPU.Build.0 = Mono-Release|Any CPU
		{4ACED651-D888-4E46-A38B-13291C00FABF}.Mono-Release|x86-Only.ActiveCfg = Mono-Release|Any CPU
		{4ACED651-D888-4E46-A38B-13291C00FABF}.Release|Any CPU.ActiveCfg = Release|Any CPU
		{4ACED651-D888-4E46-A38B-13291C00FABF}.Release|Any CPU.Build.0 = Release|Any CPU
		{4ACED651-D888-4E46-A38B-13291C00FABF}.Release|x86-Only.ActiveCfg = Release|Any CPU
		{488BB0D8-2A49-4074-BE6F-1100AF6E5D62}.CCNET|Any CPU.ActiveCfg = CCNET|Any CPU
		{488BB0D8-2A49-4074-BE6F-1100AF6E5D62}.CCNET|Any CPU.Build.0 = CCNET|Any CPU
		{488BB0D8-2A49-4074-BE6F-1100AF6E5D62}.CCNET|x86-Only.ActiveCfg = CCNET|Any CPU
		{488BB0D8-2A49-4074-BE6F-1100AF6E5D62}.Debug|Any CPU.ActiveCfg = Debug|Any CPU
		{488BB0D8-2A49-4074-BE6F-1100AF6E5D62}.Debug|Any CPU.Build.0 = Debug|Any CPU
		{488BB0D8-2A49-4074-BE6F-1100AF6E5D62}.Debug|x86-Only.ActiveCfg = Debug|Any CPU
		{488BB0D8-2A49-4074-BE6F-1100AF6E5D62}.Mono-Debug|Any CPU.ActiveCfg = Debug|Any CPU
		{488BB0D8-2A49-4074-BE6F-1100AF6E5D62}.Mono-Debug|Any CPU.Build.0 = Debug|Any CPU
		{488BB0D8-2A49-4074-BE6F-1100AF6E5D62}.Mono-Debug|x86-Only.ActiveCfg = Debug|Any CPU
		{488BB0D8-2A49-4074-BE6F-1100AF6E5D62}.Mono-Release|Any CPU.ActiveCfg = Release|Any CPU
		{488BB0D8-2A49-4074-BE6F-1100AF6E5D62}.Mono-Release|Any CPU.Build.0 = Release|Any CPU
		{488BB0D8-2A49-4074-BE6F-1100AF6E5D62}.Mono-Release|x86-Only.ActiveCfg = Release|Any CPU
		{488BB0D8-2A49-4074-BE6F-1100AF6E5D62}.Release|Any CPU.ActiveCfg = Release|Any CPU
		{488BB0D8-2A49-4074-BE6F-1100AF6E5D62}.Release|x86-Only.ActiveCfg = Release|Any CPU
		{AFDC57ED-C013-4581-9D06-54D8A42D696D}.CCNET|Any CPU.ActiveCfg = Release|Any CPU
		{AFDC57ED-C013-4581-9D06-54D8A42D696D}.CCNET|Any CPU.Build.0 = Release|Any CPU
		{AFDC57ED-C013-4581-9D06-54D8A42D696D}.CCNET|x86-Only.ActiveCfg = Release|Any CPU
		{AFDC57ED-C013-4581-9D06-54D8A42D696D}.Debug|Any CPU.ActiveCfg = Debug|Any CPU
		{AFDC57ED-C013-4581-9D06-54D8A42D696D}.Debug|Any CPU.Build.0 = Debug|Any CPU
		{AFDC57ED-C013-4581-9D06-54D8A42D696D}.Debug|x86-Only.ActiveCfg = Debug|Any CPU
		{AFDC57ED-C013-4581-9D06-54D8A42D696D}.Mono-Debug|Any CPU.ActiveCfg = Debug|Any CPU
		{AFDC57ED-C013-4581-9D06-54D8A42D696D}.Mono-Debug|Any CPU.Build.0 = Debug|Any CPU
		{AFDC57ED-C013-4581-9D06-54D8A42D696D}.Mono-Debug|x86-Only.ActiveCfg = Debug|Any CPU
		{AFDC57ED-C013-4581-9D06-54D8A42D696D}.Mono-Release|Any CPU.ActiveCfg = Release|Any CPU
		{AFDC57ED-C013-4581-9D06-54D8A42D696D}.Mono-Release|Any CPU.Build.0 = Release|Any CPU
		{AFDC57ED-C013-4581-9D06-54D8A42D696D}.Mono-Release|x86-Only.ActiveCfg = Release|Any CPU
		{AFDC57ED-C013-4581-9D06-54D8A42D696D}.Release|Any CPU.ActiveCfg = Release|Any CPU
		{AFDC57ED-C013-4581-9D06-54D8A42D696D}.Release|Any CPU.Build.0 = Release|Any CPU
		{AFDC57ED-C013-4581-9D06-54D8A42D696D}.Release|x86-Only.ActiveCfg = Release|Any CPU
		{D35A1CEB-096B-4A2C-9F58-04ADBA31BCE6}.CCNET|Any CPU.ActiveCfg = Release|Any CPU
		{D35A1CEB-096B-4A2C-9F58-04ADBA31BCE6}.CCNET|x86-Only.ActiveCfg = Release|Any CPU
		{D35A1CEB-096B-4A2C-9F58-04ADBA31BCE6}.Debug|Any CPU.ActiveCfg = Debug|Any CPU
		{D35A1CEB-096B-4A2C-9F58-04ADBA31BCE6}.Debug|x86-Only.ActiveCfg = Debug|Any CPU
		{D35A1CEB-096B-4A2C-9F58-04ADBA31BCE6}.Mono-Debug|Any CPU.ActiveCfg = Debug|Any CPU
		{D35A1CEB-096B-4A2C-9F58-04ADBA31BCE6}.Mono-Debug|Any CPU.Build.0 = Debug|Any CPU
		{D35A1CEB-096B-4A2C-9F58-04ADBA31BCE6}.Mono-Debug|x86-Only.ActiveCfg = Debug|Any CPU
		{D35A1CEB-096B-4A2C-9F58-04ADBA31BCE6}.Mono-Release|Any CPU.ActiveCfg = Release|Any CPU
		{D35A1CEB-096B-4A2C-9F58-04ADBA31BCE6}.Mono-Release|Any CPU.Build.0 = Release|Any CPU
		{D35A1CEB-096B-4A2C-9F58-04ADBA31BCE6}.Mono-Release|x86-Only.ActiveCfg = Release|Any CPU
		{D35A1CEB-096B-4A2C-9F58-04ADBA31BCE6}.Release|Any CPU.ActiveCfg = Release|Any CPU
		{D35A1CEB-096B-4A2C-9F58-04ADBA31BCE6}.Release|Any CPU.Build.0 = Release|Any CPU
		{D35A1CEB-096B-4A2C-9F58-04ADBA31BCE6}.Release|x86-Only.ActiveCfg = Release|Any CPU
		{566E5F16-088A-4AB5-967A-A05BA636AF75}.CCNET|Any CPU.ActiveCfg = Release|Any CPU
		{566E5F16-088A-4AB5-967A-A05BA636AF75}.CCNET|Any CPU.Build.0 = Release|Any CPU
		{566E5F16-088A-4AB5-967A-A05BA636AF75}.CCNET|x86-Only.ActiveCfg = Release|Any CPU
		{566E5F16-088A-4AB5-967A-A05BA636AF75}.Debug|Any CPU.ActiveCfg = Debug|Any CPU
		{566E5F16-088A-4AB5-967A-A05BA636AF75}.Debug|Any CPU.Build.0 = Debug|Any CPU
		{566E5F16-088A-4AB5-967A-A05BA636AF75}.Debug|x86-Only.ActiveCfg = Debug|Any CPU
		{566E5F16-088A-4AB5-967A-A05BA636AF75}.Mono-Debug|Any CPU.ActiveCfg = Debug|Any CPU
		{566E5F16-088A-4AB5-967A-A05BA636AF75}.Mono-Debug|Any CPU.Build.0 = Debug|Any CPU
		{566E5F16-088A-4AB5-967A-A05BA636AF75}.Mono-Debug|x86-Only.ActiveCfg = Debug|Any CPU
		{566E5F16-088A-4AB5-967A-A05BA636AF75}.Mono-Release|Any CPU.ActiveCfg = Release|Any CPU
		{566E5F16-088A-4AB5-967A-A05BA636AF75}.Mono-Release|Any CPU.Build.0 = Release|Any CPU
		{566E5F16-088A-4AB5-967A-A05BA636AF75}.Mono-Release|x86-Only.ActiveCfg = Release|Any CPU
		{566E5F16-088A-4AB5-967A-A05BA636AF75}.Release|Any CPU.ActiveCfg = Release|Any CPU
		{566E5F16-088A-4AB5-967A-A05BA636AF75}.Release|Any CPU.Build.0 = Release|Any CPU
		{566E5F16-088A-4AB5-967A-A05BA636AF75}.Release|x86-Only.ActiveCfg = Release|Any CPU
		{C188B5C8-E361-4869-9800-CE23133F3B2C}.CCNET|Any CPU.ActiveCfg = Release|Any CPU
		{C188B5C8-E361-4869-9800-CE23133F3B2C}.CCNET|Any CPU.Build.0 = Release|Any CPU
		{C188B5C8-E361-4869-9800-CE23133F3B2C}.CCNET|x86-Only.ActiveCfg = Release|Any CPU
		{C188B5C8-E361-4869-9800-CE23133F3B2C}.Debug|Any CPU.ActiveCfg = Debug|Any CPU
		{C188B5C8-E361-4869-9800-CE23133F3B2C}.Debug|x86-Only.ActiveCfg = Debug|Any CPU
		{C188B5C8-E361-4869-9800-CE23133F3B2C}.Mono-Debug|Any CPU.ActiveCfg = Debug|Any CPU
		{C188B5C8-E361-4869-9800-CE23133F3B2C}.Mono-Debug|Any CPU.Build.0 = Debug|Any CPU
		{C188B5C8-E361-4869-9800-CE23133F3B2C}.Mono-Debug|x86-Only.ActiveCfg = Debug|Any CPU
		{C188B5C8-E361-4869-9800-CE23133F3B2C}.Mono-Release|Any CPU.ActiveCfg = Release|Any CPU
		{C188B5C8-E361-4869-9800-CE23133F3B2C}.Mono-Release|Any CPU.Build.0 = Release|Any CPU
		{C188B5C8-E361-4869-9800-CE23133F3B2C}.Mono-Release|x86-Only.ActiveCfg = Release|Any CPU
		{C188B5C8-E361-4869-9800-CE23133F3B2C}.Release|Any CPU.ActiveCfg = Release|Any CPU
		{C188B5C8-E361-4869-9800-CE23133F3B2C}.Release|Any CPU.Build.0 = Release|Any CPU
		{C188B5C8-E361-4869-9800-CE23133F3B2C}.Release|x86-Only.ActiveCfg = Release|Any CPU
	EndGlobalSection
	GlobalSection(SolutionProperties) = preSolution
		HideSolutionNode = FALSE
	EndGlobalSection
	GlobalSection(NestedProjects) = preSolution
		{AFDC57ED-C013-4581-9D06-54D8A42D696D} = {5AE22138-EA40-48EF-AC38-6370D7F1F9E1}
		{566E5F16-088A-4AB5-967A-A05BA636AF75} = {5AE22138-EA40-48EF-AC38-6370D7F1F9E1}
		{4ACED651-D888-4E46-A38B-13291C00FABF} = {5AE22138-EA40-48EF-AC38-6370D7F1F9E1}
	EndGlobalSection
EndGlobal
